# This file was autogenerated by uv via the following command:
#    uv pip compile .agents\skills\kronos-market-forecasting\requirements-torch-cu118.txt --python D:\vcp_hunter\产业链投研\_training\kronos_ashare\runtime\uv-python\cpython-3.12.13-windows-x86_64-none\python.exe --python-version 3.12 --no-deps --generate-hashes --output-file .agents\skills\kronos-market-forecasting\requirements-torch-cu118.lock
torch==2.7.1+cu118 \
    --hash=sha256:27fa1fc8d1bd14d55abece300fea978bd02ec6af933779627e22d6336133e29f \
    --hash=sha256:3122e59a5fe4e9ee991e7ad4e7002afa549b2873e421759df6454f20f53a6c74 \
    --hash=sha256:584e5ee99d29286b93be2fba3b3f1f5b9d7a4b9055a288eb31b33100a1f09ed9 \
    --hash=sha256:627b7248b429d97b3955f1d0375aad1192b8f20f37556384848b6c622e491eb5 \
    --hash=sha256:6cdd52fe299bf7a0557fa52d63c7657a59178aaed6fe729864003fd974870ae7 \
    --hash=sha256:80855ec840b7b06372ff43535d01393a8ec101842618d1f9ed629572b52aed71 \
    --hash=sha256:89433c62b02ec802d4c0887c867d935887ae8f00d7cc549ecf1c2640d096bd4c \
    --hash=sha256:91454dcfdb81f181fdf216d6d6d9912fbd8795578b90384b3b8b8132737072bb \
    --hash=sha256:a3f02b2795165eaf6dfe18c963519049a45a9c588488795cebc5015dac77ab46 \
    --hash=sha256:a596d91c747d1fa601724e85b9c8797c8d7c62140aa1acf245773e911254bc45 \
    --hash=sha256:af4833e36a8e964681a4dad7775f559cf043bd42c9d0c0b5e0619f9d0e44cb56 \
    --hash=sha256:e06a205f15b3a045924d72f788af0664ca5f20e610eaac7162189721cf31a771
    # via -r .agents/skills/kronos-market-forecasting/requirements-torch-cu118.txt
